
Microsoft Visual Studio Solution File, Format Version 12.00
# Visual Studio 2013
VisualStudioVersion = 12.0.30501.0
MinimumVisualStudioVersion = 10.0.40219.1
Project("{FAE04EC0-301F-11D3-BF4B-00C04F79EFBC}") = "ScheduleSystem.Data", "ScheduleSystem.Data\ScheduleSystem.Data.csproj", "{B146C8A8-0279-4DFB-BDB7-4C18A853AAE0}"
EndProject
Project("{FAE04EC0-301F-11D3-BF4B-00C04F79EFBC}") = "ScheduleSystem.Test", "ScheduleSystem.Test\ScheduleSystem.Test.csproj", "{40D15453-CBAB-4562-B856-D56E2A65B889}"
EndProject
Project("{F088123C-0E9E-452A-89E6-6BA2F21D5CAC}") = "ScheduleSystem.UML", "ScheduleSystem.UML\ScheduleSystem.UML.modelproj", "{4E08EC41-AC9E-46DF-B695-E3B1056851F1}"
EndProject
Global
	GlobalSection(SolutionConfigurationPlatforms) = preSolution
		Debug|Any CPU = Debug|Any CPU
		Release|Any CPU = Release|Any CPU
	EndGlobalSection
	GlobalSection(ProjectConfigurationPlatforms) = postSolution
		{B146C8A8-0279-4DFB-BDB7-4C18A853AAE0}.Debug|Any CPU.ActiveCfg = Debug|Any CPU
		{B146C8A8-0279-4DFB-BDB7-4C18A853AAE0}.Debug|Any CPU.Build.0 = Debug|Any CPU
		{B146C8A8-0279-4DFB-BDB7-4C18A853AAE0}.Release|Any CPU.ActiveCfg = Release|Any CPU
		{B146C8A8-0279-4DFB-BDB7-4C18A853AAE0}.Release|Any CPU.Build.0 = Release|Any CPU
		{40D15453-CBAB-4562-B856-D56E2A65B889}.Debug|Any CPU.ActiveCfg = Debug|Any CPU
		{40D15453-CBAB-4562-B856-D56E2A65B889}.Debug|Any CPU.Build.0 = Debug|Any CPU
		{40D15453-CBAB-4562-B856-D56E2A65B889}.Release|Any CPU.ActiveCfg = Release|Any CPU
		{40D15453-CBAB-4562-B856-D56E2A65B889}.Release|Any CPU.Build.0 = Release|Any CPU
		{4E08EC41-AC9E-46DF-B695-E3B1056851F1}.Debug|Any CPU.ActiveCfg = Debug|Any CPU
		{4E08EC41-AC9E-46DF-B695-E3B1056851F1}.Debug|Any CPU.Build.0 = Debug|Any CPU
		{4E08EC41-AC9E-46DF-B695-E3B1056851F1}.Release|Any CPU.ActiveCfg = Release|Any CPU
		{4E08EC41-AC9E-46DF-B695-E3B1056851F1}.Release|Any CPU.Build.0 = Release|Any CPU
	EndGlobalSection
	GlobalSection(SolutionProperties) = preSolution
		HideSolutionNode = FALSE
	EndGlobalSection
EndGlobal
